# This file was autogenerated by Stack.
# You should not edit this file by hand.
# For more information, please see the documentation at:
#   https://docs.haskellstack.org/en/stable/lock_files

packages:
- completed:
    hackage: hmatrix-glpk-0.19.0.0@sha256:cf46c54bc3878bd207674ad88c3389083809f4df862df68ee64c6708dc517a52,1683
    pantry-tree:
      sha256: 8e781b7b10d93e1def514c48da663b1b046ed5c23857938bad1229e9f4a589c1
      size: 660
  original:
    hackage: hmatrix-glpk-0.19.0.0@sha256:cf46c54bc3878bd207674ad88c3389083809f4df862df68ee64c6708dc517a52,1683
- completed:
    hackage: hspray-0.1.3.0@sha256:45e95f8fc9122a15c046495e841315570b78290fc7e2bcb14494934a304611d0,1942
    pantry-tree:
      sha256: 7bd2f87dddb5003d7756011aa3b31e4e8715cb8f59f6b1d94bf8aad7c8305932
      size: 373
  original:
    hackage: hspray-0.1.3.0@sha256:45e95f8fc9122a15c046495e841315570b78290fc7e2bcb14494934a304611d0,1942
- completed:
    hackage: scubature-1.1.0.0@sha256:f7a939acead8c4a61a1654218bfcb19c3f2bc22e8ef98508558cc0061d3f7f93,1443
    pantry-tree:
      sha256: c9e031bf71fcbbb7a1f427099b0a492ef325cb56d9c73fa3d0bf973cee5ecfa1
      size: 803
  original:
    hackage: scubature-1.1.0.0@sha256:f7a939acead8c4a61a1654218bfcb19c3f2bc22e8ef98508558cc0061d3f7f93,1443
- completed:
    hackage: delaunayNd-0.1.0.2@sha256:c1eaaaf1b73274360fbeb2e2c5e9ee1607f2143a4d7bc4bcbc31911f987d21ec,2720
    pantry-tree:
      sha256: 026ee1cd0ce94f8e6226bc47b22e87858dfd91704ee250cc2172991fbfea8af1
      size: 2247
  original:
    hackage: delaunayNd-0.1.0.2
- completed:
    hackage: vertexenum-0.1.1.0@sha256:eb96d4dffbe95e316774a3907afcd7d4434b78f4d4d4fe1bd0e3752cf586a419,3278
    pantry-tree:
      sha256: 6734a36c97856c19749b2dfa35a6bab9eaee520cb53bf6a47e2165fa5378008a
      size: 2344
  original:
    hackage: vertexenum-0.1.1.0
- completed:
    hackage: Unique-0.4.7.9@sha256:7c37e22b7bb9df935c22112e67043177461aedcebe3a958854f6c0e9ecb54083,2155
    pantry-tree:
      sha256: 67d44a292c49ab6cf09225c05186f1ab64b359e965017d9d389411e4c79f0803
      size: 1366
  original:
    hackage: Unique-0.4.7.9@sha256:7c37e22b7bb9df935c22112e67043177461aedcebe3a958854f6c0e9ecb54083,2155
- completed:
    hackage: ilist-0.4.0.1@sha256:126019faf3d02f305c5762ae9602be1cbf76291153a1a7461270ad1429678111,3305
    pantry-tree:
      sha256: 1e45ec9d7d543f0689da97b6de57b9a729c605660af73e15848c10b37640a888
      size: 438
  original:
    hackage: ilist-0.4.0.1@sha256:126019faf3d02f305c5762ae9602be1cbf76291153a1a7461270ad1429678111,3305
- completed:
    hackage: hashable-1.4.3.0@sha256:f3bf68acfa0df7a064a378ef2cdcfeb55e6fb96100675f4c593556dcbf3d7194,4718
    pantry-tree:
      sha256: abef0611d6a717ba351317bdb603ef536659e7767a49ba81b2dbe20994065c7d
      size: 1248
  original:
    hackage: hashable-1.4.3.0@sha256:f3bf68acfa0df7a064a378ef2cdcfeb55e6fb96100675f4c593556dcbf3d7194,4718
- completed:
    hackage: insert-ordered-containers-0.2.5.3@sha256:7648a0e91b0af2ed553d3950f098438b999c50d885781fc256823b7032d7d389,2420
    pantry-tree:
      sha256: 3c2ebede5d4b52dafb22ac9b29d3109d02f48c94f4e8ad1cabc15fd6a10a7285
      size: 542
  original:
    hackage: insert-ordered-containers-0.2.5.3@sha256:7648a0e91b0af2ed553d3950f098438b999c50d885781fc256823b7032d7d389,2420
snapshots:
- completed:
    sha256: adbc602422dde10cc330175da7de8609e70afc41449a7e2d6e8b1827aa0e5008
    size: 649342
    url: https://raw.githubusercontent.com/commercialhaskell/stackage-snapshots/master/lts/20/11.yaml
  original: lts-20.11
