# This file was autogenerated by Stack.
# You should not edit this file by hand.
# For more information, please see the documentation at:
#   https://docs.haskellstack.org/en/stable/lock_files

packages:
- completed:
    hackage: hspray-0.5.2.0@sha256:3954e7f3156139b0d22fe3f51192c43ec6ff3f3082b359e72a6cc4f680d2d01b,3778
    pantry-tree:
      sha256: 29c9dcb019eb47d721a05872a6404cd42cc5efc109e40fd85b21d85aea1c166b
      size: 493
  original:
    hackage: hspray-0.5.2.0
- completed:
    hackage: scubature-1.1.0.0@sha256:f7a939acead8c4a61a1654218bfcb19c3f2bc22e8ef98508558cc0061d3f7f93,1443
    pantry-tree:
      sha256: c9e031bf71fcbbb7a1f427099b0a492ef325cb56d9c73fa3d0bf973cee5ecfa1
      size: 803
  original:
    hackage: scubature-1.1.0.0@sha256:f7a939acead8c4a61a1654218bfcb19c3f2bc22e8ef98508558cc0061d3f7f93,1443
- completed:
    hackage: delaunayNd-0.1.0.2@sha256:c1eaaaf1b73274360fbeb2e2c5e9ee1607f2143a4d7bc4bcbc31911f987d21ec,2720
    pantry-tree:
      sha256: 026ee1cd0ce94f8e6226bc47b22e87858dfd91704ee250cc2172991fbfea8af1
      size: 2247
  original:
    hackage: delaunayNd-0.1.0.2
- completed:
    hackage: vertexenum-1.0.0.0@sha256:0238d856ff1c1458536a6804f42e83c208d3d3f6470f0b46da8e73f7f48f5e50,3770
    pantry-tree:
      sha256: 6e9476717785463455fef69e4b9d5f19b7f218c8922c9e897cc4df2e0119880b
      size: 2344
  original:
    hackage: vertexenum-1.0.0.0
- completed:
    hackage: Unique-0.4.7.9@sha256:7c37e22b7bb9df935c22112e67043177461aedcebe3a958854f6c0e9ecb54083,2155
    pantry-tree:
      sha256: 67d44a292c49ab6cf09225c05186f1ab64b359e965017d9d389411e4c79f0803
      size: 1366
  original:
    hackage: Unique-0.4.7.9@sha256:7c37e22b7bb9df935c22112e67043177461aedcebe3a958854f6c0e9ecb54083,2155
- completed:
    hackage: ilist-0.4.0.1@sha256:126019faf3d02f305c5762ae9602be1cbf76291153a1a7461270ad1429678111,3305
    pantry-tree:
      sha256: 1e45ec9d7d543f0689da97b6de57b9a729c605660af73e15848c10b37640a888
      size: 438
  original:
    hackage: ilist-0.4.0.1@sha256:126019faf3d02f305c5762ae9602be1cbf76291153a1a7461270ad1429678111,3305
- completed:
    hackage: hashable-1.4.3.0@sha256:f3bf68acfa0df7a064a378ef2cdcfeb55e6fb96100675f4c593556dcbf3d7194,4718
    pantry-tree:
      sha256: abef0611d6a717ba351317bdb603ef536659e7767a49ba81b2dbe20994065c7d
      size: 1248
  original:
    hackage: hashable-1.4.3.0@sha256:f3bf68acfa0df7a064a378ef2cdcfeb55e6fb96100675f4c593556dcbf3d7194,4718
- completed:
    hackage: insert-ordered-containers-0.2.5.3@sha256:7648a0e91b0af2ed553d3950f098438b999c50d885781fc256823b7032d7d389,2420
    pantry-tree:
      sha256: 3c2ebede5d4b52dafb22ac9b29d3109d02f48c94f4e8ad1cabc15fd6a10a7285
      size: 542
  original:
    hackage: insert-ordered-containers-0.2.5.3@sha256:7648a0e91b0af2ed553d3950f098438b999c50d885781fc256823b7032d7d389,2420
- completed:
    hackage: simplex-method-0.2.0.0@sha256:ccfc12e88789d4e11935061d743b757ff7f6424c2f8f39ec8194cfe7a9af7bce,2398
    pantry-tree:
      sha256: f9ef02246ebda808ffcedcecc3ac77a992e5cef99c41a218f65e824f5672b51a
      size: 614
  original:
    hackage: simplex-method-0.2.0.0@sha256:ccfc12e88789d4e11935061d743b757ff7f6424c2f8f39ec8194cfe7a9af7bce,2398
snapshots:
- completed:
    sha256: 4a0e5e187fbef423f9c60072bfb1dd56f2a01a07a2667eb1469bd79073cfceaf
    size: 713340
    url: https://raw.githubusercontent.com/commercialhaskell/stackage-snapshots/master/lts/22/20.yaml
  original: lts-22.20
